
Microsoft Visual Studio Solution File, Format Version 12.00
# Visual Studio Version 17
VisualStudioVersion = 17.3.32901.215
MinimumVisualStudioVersion = 10.0.40219.1
Project("{FAE04EC0-301F-11D3-BF4B-00C04F79EFBC}") = "HomeW0rkForm3_1", "HomeW0rkForm3_1\HomeW0rkForm3_1.csproj", "{3350F5BE-0B09-4376-83BF-F8300B44A6E6}"
EndProject
Global
	GlobalSection(SolutionConfigurationPlatforms) = preSolution
		Debug|Any CPU = Debug|Any CPU
		Release|Any CPU = Release|Any CPU
	EndGlobalSection
	GlobalSection(ProjectConfigurationPlatforms) = postSolution
		{3350F5BE-0B09-4376-83BF-F8300B44A6E6}.Debug|Any CPU.ActiveCfg = Debug|Any CPU
		{3350F5BE-0B09-4376-83BF-F8300B44A6E6}.Debug|Any CPU.Build.0 = Debug|Any CPU
		{3350F5BE-0B09-4376-83BF-F8300B44A6E6}.Release|Any CPU.ActiveCfg = Release|Any CPU
		{3350F5BE-0B09-4376-83BF-F8300B44A6E6}.Release|Any CPU.Build.0 = Release|Any CPU
	EndGlobalSection
	GlobalSection(SolutionProperties) = preSolution
		HideSolutionNode = FALSE
	EndGlobalSection
	GlobalSection(ExtensibilityGlobals) = postSolution
		SolutionGuid = {4D6B8C9E-8615-4310-BA8B-927B5ECAC79F}
	EndGlobalSection
EndGlobal
